// !$*UTF8*$!
{
	archiveVersion = 1;
	classes = {
	};
	objectVersion = 56;
	objects = {

/* Begin PBXBuildFile section */
		0D837CB12973EDD50043B8A5 /* AppDelegate.swift in Sources */ = {isa = PBXBuildFile; fileRef = 0D837CB02973EDD50043B8A5 /* AppDelegate.swift */; };
		0D837CB32973EDD50043B8A5 /* SceneDelegate.swift in Sources */ = {isa = PBXBuildFile; fileRef = 0D837CB22973EDD50043B8A5 /* SceneDelegate.swift */; };
		0D837CB52973EDD50043B8A5 /* MainViewController.swift in Sources */ = {isa = PBXBuildFile; fileRef = 0D837CB42973EDD50043B8A5 /* MainViewController.swift */; };
		0D837CBA2973EDD70043B8A5 /* Assets.xcassets in Resources */ = {isa = PBXBuildFile; fileRef = 0D837CB92973EDD70043B8A5 /* Assets.xcassets */; };
		0D837CBD2973EDD70043B8A5 /* LaunchScreen.storyboard in Resources */ = {isa = PBXBuildFile; fileRef = 0D837CBB2973EDD70043B8A5 /* LaunchScreen.storyboard */; };
		0D837CC82973EDD70043B8A5 /* Daily_StarBucksTests.swift in Sources */ = {isa = PBXBuildFile; fileRef = 0D837CC72973EDD70043B8A5 /* Daily_StarBucksTests.swift */; };
		0D837CD22973EDD70043B8A5 /* Daily_StarBucksUITests.swift in Sources */ = {isa = PBXBuildFile; fileRef = 0D837CD12973EDD70043B8A5 /* Daily_StarBucksUITests.swift */; };
		0D837CD42973EDD70043B8A5 /* Daily_StarBucksUITestsLaunchTests.swift in Sources */ = {isa = PBXBuildFile; fileRef = 0D837CD32973EDD70043B8A5 /* Daily_StarBucksUITestsLaunchTests.swift */; };
		0D837CE12973F9690043B8A5 /* StarBucksViewController.swift in Sources */ = {isa = PBXBuildFile; fileRef = 0D837CE02973F9690043B8A5 /* StarBucksViewController.swift */; };
		0D837CE4297A66300043B8A5 /* Ext+Segmented.swift in Sources */ = {isa = PBXBuildFile; fileRef = 0D837CE3297A66300043B8A5 /* Ext+Segmented.swift */; };
		0D9AC270297E75BD00C118ED /* Ext+CGColor.swift in Sources */ = {isa = PBXBuildFile; fileRef = 0D9AC26F297E75BD00C118ED /* Ext+CGColor.swift */; };
		0D9AC272298186E800C118ED /* Ext+UIView.swift in Sources */ = {isa = PBXBuildFile; fileRef = 0D9AC271298186E800C118ED /* Ext+UIView.swift */; };
		0D9AC2742983D1BE00C118ED /* Ext+NSConstraint.swift in Sources */ = {isa = PBXBuildFile; fileRef = 0D9AC2732983D1BE00C118ED /* Ext+NSConstraint.swift */; };
		0D9AC2782986657D00C118ED /* CollectionViewCell.swift in Sources */ = {isa = PBXBuildFile; fileRef = 0D9AC2772986657D00C118ED /* CollectionViewCell.swift */; };
/* End PBXBuildFile section */

/* Begin PBXContainerItemProxy section */
		0D837CC42973EDD70043B8A5 /* PBXContainerItemProxy */ = {
			isa = PBXContainerItemProxy;
			containerPortal = 0D837CA52973EDD50043B8A5 /* Project object */;
			proxyType = 1;
			remoteGlobalIDString = 0D837CAC2973EDD50043B8A5;
			remoteInfo = Daily_StarBucks;
		};
		0D837CCE2973EDD70043B8A5 /* PBXContainerItemProxy */ = {
			isa = PBXContainerItemProxy;
			containerPortal = 0D837CA52973EDD50043B8A5 /* Project object */;
			proxyType = 1;
			remoteGlobalIDString = 0D837CAC2973EDD50043B8A5;
			remoteInfo = Daily_StarBucks;
		};
/* End PBXContainerItemProxy section */

/* Begin PBXFileReference section */
		0D837CAD2973EDD50043B8A5 /* Daily_StarBucks.app */ = {isa = PBXFileReference; explicitFileType = wrapper.application; includeInIndex = 0; path = Daily_StarBucks.app; sourceTree = BUILT_PRODUCTS_DIR; };
		0D837CB02973EDD50043B8A5 /* AppDelegate.swift */ = {isa = PBXFileReference; lastKnownFileType = sourcecode.swift; path = AppDelegate.swift; sourceTree = "<group>"; };
		0D837CB22973EDD50043B8A5 /* SceneDelegate.swift */ = {isa = PBXFileReference; lastKnownFileType = sourcecode.swift; path = SceneDelegate.swift; sourceTree = "<group>"; };
		0D837CB42973EDD50043B8A5 /* MainViewController.swift */ = {isa = PBXFileReference; lastKnownFileType = sourcecode.swift; path = MainViewController.swift; sourceTree = "<group>"; };
		0D837CB92973EDD70043B8A5 /* Assets.xcassets */ = {isa = PBXFileReference; lastKnownFileType = folder.assetcatalog; path = Assets.xcassets; sourceTree = "<group>"; };
		0D837CBC2973EDD70043B8A5 /* Base */ = {isa = PBXFileReference; lastKnownFileType = file.storyboard; name = Base; path = Base.lproj/LaunchScreen.storyboard; sourceTree = "<group>"; };
		0D837CBE2973EDD70043B8A5 /* Info.plist */ = {isa = PBXFileReference; lastKnownFileType = text.plist.xml; path = Info.plist; sourceTree = "<group>"; };
		0D837CC32973EDD70043B8A5 /* Daily_StarBucksTests.xctest */ = {isa = PBXFileReference; explicitFileType = wrapper.cfbundle; includeInIndex = 0; path = Daily_StarBucksTests.xctest; sourceTree = BUILT_PRODUCTS_DIR; };
		0D837CC72973EDD70043B8A5 /* Daily_StarBucksTests.swift */ = {isa = PBXFileReference; lastKnownFileType = sourcecode.swift; path = Daily_StarBucksTests.swift; sourceTree = "<group>"; };
		0D837CCD2973EDD70043B8A5 /* Daily_StarBucksUITests.xctest */ = {isa = PBXFileReference; explicitFileType = wrapper.cfbundle; includeInIndex = 0; path = Daily_StarBucksUITests.xctest; sourceTree = BUILT_PRODUCTS_DIR; };
		0D837CD12973EDD70043B8A5 /* Daily_StarBucksUITests.swift */ = {isa = PBXFileReference; lastKnownFileType = sourcecode.swift; path = Daily_StarBucksUITests.swift; sourceTree = "<group>"; };
		0D837CD32973EDD70043B8A5 /* Daily_StarBucksUITestsLaunchTests.swift */ = {isa = PBXFileReference; lastKnownFileType = sourcecode.swift; path = Daily_StarBucksUITestsLaunchTests.swift; sourceTree = "<group>"; };
		0D837CE02973F9690043B8A5 /* StarBucksViewController.swift */ = {isa = PBXFileReference; lastKnownFileType = sourcecode.swift; path = StarBucksViewController.swift; sourceTree = "<group>"; };
		0D837CE3297A66300043B8A5 /* Ext+Segmented.swift */ = {isa = PBXFileReference; lastKnownFileType = sourcecode.swift; path = "Ext+Segmented.swift"; sourceTree = "<group>"; };
		0D9AC26F297E75BD00C118ED /* Ext+CGColor.swift */ = {isa = PBXFileReference; lastKnownFileType = sourcecode.swift; path = "Ext+CGColor.swift"; sourceTree = "<group>"; };
		0D9AC271298186E800C118ED /* Ext+UIView.swift */ = {isa = PBXFileReference; lastKnownFileType = sourcecode.swift; path = "Ext+UIView.swift"; sourceTree = "<group>"; };
		0D9AC2732983D1BE00C118ED /* Ext+NSConstraint.swift */ = {isa = PBXFileReference; lastKnownFileType = sourcecode.swift; path = "Ext+NSConstraint.swift"; sourceTree = "<group>"; };
		0D9AC2772986657D00C118ED /* CollectionViewCell.swift */ = {isa = PBXFileReference; lastKnownFileType = sourcecode.swift; path = CollectionViewCell.swift; sourceTree = "<group>"; };
/* End PBXFileReference section */

/* Begin PBXFrameworksBuildPhase section */
		0D837CAA2973EDD50043B8A5 /* Frameworks */ = {
			isa = PBXFrameworksBuildPhase;
			buildActionMask = 2147483647;
			files = (
			);
			runOnlyForDeploymentPostprocessing = 0;
		};
		0D837CC02973EDD70043B8A5 /* Frameworks */ = {
			isa = PBXFrameworksBuildPhase;
			buildActionMask = 2147483647;
			files = (
			);
			runOnlyForDeploymentPostprocessing = 0;
		};
		0D837CCA2973EDD70043B8A5 /* Frameworks */ = {
			isa = PBXFrameworksBuildPhase;
			buildActionMask = 2147483647;
			files = (
			);
			runOnlyForDeploymentPostprocessing = 0;
		};
/* End PBXFrameworksBuildPhase section */

/* Begin PBXGroup section */
		0D837CA42973EDD50043B8A5 = {
			isa = PBXGroup;
			children = (
				0D837CAF2973EDD50043B8A5 /* Daily_StarBucks */,
				0D837CC62973EDD70043B8A5 /* Daily_StarBucksTests */,
				0D837CD02973EDD70043B8A5 /* Daily_StarBucksUITests */,
				0D837CAE2973EDD50043B8A5 /* Products */,
			);
			sourceTree = "<group>";
		};
		0D837CAE2973EDD50043B8A5 /* Products */ = {
			isa = PBXGroup;
			children = (
				0D837CAD2973EDD50043B8A5 /* Daily_StarBucks.app */,
				0D837CC32973EDD70043B8A5 /* Daily_StarBucksTests.xctest */,
				0D837CCD2973EDD70043B8A5 /* Daily_StarBucksUITests.xctest */,
			);
			name = Products;
			sourceTree = "<group>";
		};
		0D837CAF2973EDD50043B8A5 /* Daily_StarBucks */ = {
			isa = PBXGroup;
			children = (
				0D837CB02973EDD50043B8A5 /* AppDelegate.swift */,
				0D837CB22973EDD50043B8A5 /* SceneDelegate.swift */,
				0D837CB42973EDD50043B8A5 /* MainViewController.swift */,
				0D837CE02973F9690043B8A5 /* StarBucksViewController.swift */,
				0D9AC2772986657D00C118ED /* CollectionViewCell.swift */,
				0D837CE2297A66180043B8A5 /* Extensions */,
				0D837CB92973EDD70043B8A5 /* Assets.xcassets */,
				0D837CBB2973EDD70043B8A5 /* LaunchScreen.storyboard */,
				0D837CBE2973EDD70043B8A5 /* Info.plist */,
			);
			path = Daily_StarBucks;
			sourceTree = "<group>";
		};
		0D837CC62973EDD70043B8A5 /* Daily_StarBucksTests */ = {
			isa = PBXGroup;
			children = (
				0D837CC72973EDD70043B8A5 /* Daily_StarBucksTests.swift */,
			);
			path = Daily_StarBucksTests;
			sourceTree = "<group>";
		};
		0D837CD02973EDD70043B8A5 /* Daily_StarBucksUITests */ = {
			isa = PBXGroup;
			children = (
				0D837CD12973EDD70043B8A5 /* Daily_StarBucksUITests.swift */,
				0D837CD32973EDD70043B8A5 /* Daily_StarBucksUITestsLaunchTests.swift */,
			);
			path = Daily_StarBucksUITests;
			sourceTree = "<group>";
		};
		0D837CE2297A66180043B8A5 /* Extensions */ = {
			isa = PBXGroup;
			children = (
				0D837CE3297A66300043B8A5 /* Ext+Segmented.swift */,
				0D9AC26F297E75BD00C118ED /* Ext+CGColor.swift */,
				0D9AC271298186E800C118ED /* Ext+UIView.swift */,
				0D9AC2732983D1BE00C118ED /* Ext+NSConstraint.swift */,
			);
			path = Extensions;
			sourceTree = "<group>";
		};
/* End PBXGroup section */

/* Begin PBXNativeTarget section */
		0D837CAC2973EDD50043B8A5 /* Daily_StarBucks */ = {
			isa = PBXNativeTarget;
			buildConfigurationList = 0D837CD72973EDD70043B8A5 /* Build configuration list for PBXNativeTarget "Daily_StarBucks" */;
			buildPhases = (
				0D837CA92973EDD50043B8A5 /* Sources */,
				0D837CAA2973EDD50043B8A5 /* Frameworks */,
				0D837CAB2973EDD50043B8A5 /* Resources */,
			);
			buildRules = (
			);
			dependencies = (
			);
			name = Daily_StarBucks;
			productName = Daily_StarBucks;
			productReference = 0D837CAD2973EDD50043B8A5 /* Daily_StarBucks.app */;
			productType = "com.apple.product-type.application";
		};
		0D837CC22973EDD70043B8A5 /* Daily_StarBucksTests */ = {
			isa = PBXNativeTarget;
			buildConfigurationList = 0D837CDA2973EDD70043B8A5 /* Build configuration list for PBXNativeTarget "Daily_StarBucksTests" */;
			buildPhases = (
				0D837CBF2973EDD70043B8A5 /* Sources */,
				0D837CC02973EDD70043B8A5 /* Frameworks */,
				0D837CC12973EDD70043B8A5 /* Resources */,
			);
			buildRules = (
			);
			dependencies = (
				0D837CC52973EDD70043B8A5 /* PBXTargetDependency */,
			);
			name = Daily_StarBucksTests;
			productName = Daily_StarBucksTests;
			productReference = 0D837CC32973EDD70043B8A5 /* Daily_StarBucksTests.xctest */;
			productType = "com.apple.product-type.bundle.unit-test";
		};
		0D837CCC2973EDD70043B8A5 /* Daily_StarBucksUITests */ = {
			isa = PBXNativeTarget;
			buildConfigurationList = 0D837CDD2973EDD70043B8A5 /* Build configuration list for PBXNativeTarget "Daily_StarBucksUITests" */;
			buildPhases = (
				0D837CC92973EDD70043B8A5 /* Sources */,
				0D837CCA2973EDD70043B8A5 /* Frameworks */,
				0D837CCB2973EDD70043B8A5 /* Resources */,
			);
			buildRules = (
			);
			dependencies = (
				0D837CCF2973EDD70043B8A5 /* PBXTargetDependency */,
			);
			name = Daily_StarBucksUITests;
			productName = Daily_StarBucksUITests;
			productReference = 0D837CCD2973EDD70043B8A5 /* Daily_StarBucksUITests.xctest */;
			productType = "com.apple.product-type.bundle.ui-testing";
		};
/* End PBXNativeTarget section */

/* Begin PBXProject section */
		0D837CA52973EDD50043B8A5 /* Project object */ = {
			isa = PBXProject;
			attributes = {
				BuildIndependentTargetsInParallel = 1;
				LastSwiftUpdateCheck = 1420;
				LastUpgradeCheck = 1420;
				TargetAttributes = {
					0D837CAC2973EDD50043B8A5 = {
						CreatedOnToolsVersion = 14.2;
					};
					0D837CC22973EDD70043B8A5 = {
						CreatedOnToolsVersion = 14.2;
						TestTargetID = 0D837CAC2973EDD50043B8A5;
					};
					0D837CCC2973EDD70043B8A5 = {
						CreatedOnToolsVersion = 14.2;
						TestTargetID = 0D837CAC2973EDD50043B8A5;
					};
				};
			};
			buildConfigurationList = 0D837CA82973EDD50043B8A5 /* Build configuration list for PBXProject "Daily_StarBucks" */;
			compatibilityVersion = "Xcode 14.0";
			developmentRegion = en;
			hasScannedForEncodings = 0;
			knownRegions = (
				en,
				Base,
			);
			mainGroup = 0D837CA42973EDD50043B8A5;
			productRefGroup = 0D837CAE2973EDD50043B8A5 /* Products */;
			projectDirPath = "";
			projectRoot = "";
			targets = (
				0D837CAC2973EDD50043B8A5 /* Daily_StarBucks */,
				0D837CC22973EDD70043B8A5 /* Daily_StarBucksTests */,
				0D837CCC2973EDD70043B8A5 /* Daily_StarBucksUITests */,
			);
		};
/* End PBXProject section */

/* Begin PBXResourcesBuildPhase section */
		0D837CAB2973EDD50043B8A5 /* Resources */ = {
			isa = PBXResourcesBuildPhase;
			buildActionMask = 2147483647;
			files = (
				0D837CBD2973EDD70043B8A5 /* LaunchScreen.storyboard in Resources */,
				0D837CBA2973EDD70043B8A5 /* Assets.xcassets in Resources */,
			);
			runOnlyForDeploymentPostprocessing = 0;
		};
		0D837CC12973EDD70043B8A5 /* Resources */ = {
			isa = PBXResourcesBuildPhase;
			buildActionMask = 2147483647;
			files = (
			);
			runOnlyForDeploymentPostprocessing = 0;
		};
		0D837CCB2973EDD70043B8A5 /* Resources */ = {
			isa = PBXResourcesBuildPhase;
			buildActionMask = 2147483647;
			files = (
			);
			runOnlyForDeploymentPostprocessing = 0;
		};
/* End PBXResourcesBuildPhase section */

/* Begin PBXSourcesBuildPhase section */
		0D837CA92973EDD50043B8A5 /* Sources */ = {
			isa = PBXSourcesBuildPhase;
			buildActionMask = 2147483647;
			files = (
				0D837CB52973EDD50043B8A5 /* MainViewController.swift in Sources */,
				0D837CE12973F9690043B8A5 /* StarBucksViewController.swift in Sources */,
				0D9AC2782986657D00C118ED /* CollectionViewCell.swift in Sources */,
				0D837CE4297A66300043B8A5 /* Ext+Segmented.swift in Sources */,
				0D9AC2742983D1BE00C118ED /* Ext+NSConstraint.swift in Sources */,
				0D837CB12973EDD50043B8A5 /* AppDelegate.swift in Sources */,
				0D837CB32973EDD50043B8A5 /* SceneDelegate.swift in Sources */,
				0D9AC270297E75BD00C118ED /* Ext+CGColor.swift in Sources */,
				0D9AC272298186E800C118ED /* Ext+UIView.swift in Sources */,
			);
			runOnlyForDeploymentPostprocessing = 0;
		};
		0D837CBF2973EDD70043B8A5 /* Sources */ = {
			isa = PBXSourcesBuildPhase;
			buildActionMask = 2147483647;
			files = (
				0D837CC82973EDD70043B8A5 /* Daily_StarBucksTests.swift in Sources */,
			);
			runOnlyForDeploymentPostprocessing = 0;
		};
		0D837CC92973EDD70043B8A5 /* Sources */ = {
			isa = PBXSourcesBuildPhase;
			buildActionMask = 2147483647;
			files = (
				0D837CD22973EDD70043B8A5 /* Daily_StarBucksUITests.swift in Sources */,
				0D837CD42973EDD70043B8A5 /* Daily_StarBucksUITestsLaunchTests.swift in Sources */,
			);
			runOnlyForDeploymentPostprocessing = 0;
		};
/* End PBXSourcesBuildPhase section */

/* Begin PBXTargetDependency section */
		0D837CC52973EDD70043B8A5 /* PBXTargetDependency */ = {
			isa = PBXTargetDependency;
			target = 0D837CAC2973EDD50043B8A5 /* Daily_StarBucks */;
			targetProxy = 0D837CC42973EDD70043B8A5 /* PBXContainerItemProxy */;
		};
		0D837CCF2973EDD70043B8A5 /* PBXTargetDependency */ = {
			isa = PBXTargetDependency;
			target = 0D837CAC2973EDD50043B8A5 /* Daily_StarBucks */;
			targetProxy = 0D837CCE2973EDD70043B8A5 /* PBXContainerItemProxy */;
		};
/* End PBXTargetDependency section */

/* Begin PBXVariantGroup section */
		0D837CBB2973EDD70043B8A5 /* LaunchScreen.storyboard */ = {
			isa = PBXVariantGroup;
			children = (
				0D837CBC2973EDD70043B8A5 /* Base */,
			);
			name = LaunchScreen.storyboard;
			sourceTree = "<group>";
		};
/* End PBXVariantGroup section */

/* Begin XCBuildConfiguration section */
		0D837CD52973EDD70043B8A5 /* Debug */ = {
			isa = XCBuildConfiguration;
			buildSettings = {
				ALWAYS_SEARCH_USER_PATHS = NO;
				CLANG_ANALYZER_NONNULL = YES;
				CLANG_ANALYZER_NUMBER_OBJECT_CONVERSION = YES_AGGRESSIVE;
				CLANG_CXX_LANGUAGE_STANDARD = "gnu++20";
				CLANG_ENABLE_MODULES = YES;
				CLANG_ENABLE_OBJC_ARC = YES;
				CLANG_ENABLE_OBJC_WEAK = YES;
				CLANG_WARN_BLOCK_CAPTURE_AUTORELEASING = YES;
				CLANG_WARN_BOOL_CONVERSION = YES;
				CLANG_WARN_COMMA = YES;
				CLANG_WARN_CONSTANT_CONVERSION = YES;
				CLANG_WARN_DEPRECATED_OBJC_IMPLEMENTATIONS = YES;
				CLANG_WARN_DIRECT_OBJC_ISA_USAGE = YES_ERROR;
				CLANG_WARN_DOCUMENTATION_COMMENTS = YES;
				CLANG_WARN_EMPTY_BODY = YES;
				CLANG_WARN_ENUM_CONVERSION = YES;
				CLANG_WARN_INFINITE_RECURSION = YES;
				CLANG_WARN_INT_CONVERSION = YES;
				CLANG_WARN_NON_LITERAL_NULL_CONVERSION = YES;
				CLANG_WARN_OBJC_IMPLICIT_RETAIN_SELF = YES;
				CLANG_WARN_OBJC_LITERAL_CONVERSION = YES;
				CLANG_WARN_OBJC_ROOT_CLASS = YES_ERROR;
				CLANG_WARN_QUOTED_INCLUDE_IN_FRAMEWORK_HEADER = YES;
				CLANG_WARN_RANGE_LOOP_ANALYSIS = YES;
				CLANG_WARN_STRICT_PROTOTYPES = YES;
				CLANG_WARN_SUSPICIOUS_MOVE = YES;
				CLANG_WARN_UNGUARDED_AVAILABILITY = YES_AGGRESSIVE;
				CLANG_WARN_UNREACHABLE_CODE = YES;
				CLANG_WARN__DUPLICATE_METHOD_MATCH = YES;
				COPY_PHASE_STRIP = NO;
				DEBUG_INFORMATION_FORMAT = dwarf;
				ENABLE_STRICT_OBJC_MSGSEND = YES;
				ENABLE_TESTABILITY = YES;
				GCC_C_LANGUAGE_STANDARD = gnu11;
				GCC_DYNAMIC_NO_PIC = NO;
				GCC_NO_COMMON_BLOCKS = YES;
				GCC_OPTIMIZATION_LEVEL = 0;
				GCC_PREPROCESSOR_DEFINITIONS = (
					"DEBUG=1",
					"$(inherited)",
				);
				GCC_WARN_64_TO_32_BIT_CONVERSION = YES;
				GCC_WARN_ABOUT_RETURN_TYPE = YES_ERROR;
				GCC_WARN_UNDECLARED_SELECTOR = YES;
				GCC_WARN_UNINITIALIZED_AUTOS = YES_AGGRESSIVE;
				GCC_WARN_UNUSED_FUNCTION = YES;
				GCC_WARN_UNUSED_VARIABLE = YES;
				IPHONEOS_DEPLOYMENT_TARGET = 16.2;
				MTL_ENABLE_DEBUG_INFO = INCLUDE_SOURCE;
				MTL_FAST_MATH = YES;
				ONLY_ACTIVE_ARCH = YES;
				SDKROOT = iphoneos;
				SWIFT_ACTIVE_COMPILATION_CONDITIONS = DEBUG;
				SWIFT_OPTIMIZATION_LEVEL = "-Onone";
			};
			name = Debug;
		};
		0D837CD62973EDD70043B8A5 /* Release */ = {
			isa = XCBuildConfiguration;
			buildSettings = {
				ALWAYS_SEARCH_USER_PATHS = NO;
				CLANG_ANALYZER_NONNULL = YES;
				CLANG_ANALYZER_NUMBER_OBJECT_CONVERSION = YES_AGGRESSIVE;
				CLANG_CXX_LANGUAGE_STANDARD = "gnu++20";
				CLANG_ENABLE_MODULES = YES;
				CLANG_ENABLE_OBJC_ARC = YES;
				CLANG_ENABLE_OBJC_WEAK = YES;
				CLANG_WARN_BLOCK_CAPTURE_AUTORELEASING = YES;
				CLANG_WARN_BOOL_CONVERSION = YES;
				CLANG_WARN_COMMA = YES;
				CLANG_WARN_CONSTANT_CONVERSION = YES;
				CLANG_WARN_DEPRECATED_OBJC_IMPLEMENTATIONS = YES;
				CLANG_WARN_DIRECT_OBJC_ISA_USAGE = YES_ERROR;
				CLANG_WARN_DOCUMENTATION_COMMENTS = YES;
				CLANG_WARN_EMPTY_BODY = YES;
				CLANG_WARN_ENUM_CONVERSION = YES;
				CLANG_WARN_INFINITE_RECURSION = YES;
				CLANG_WARN_INT_CONVERSION = YES;
				CLANG_WARN_NON_LITERAL_NULL_CONVERSION = YES;
				CLANG_WARN_OBJC_IMPLICIT_RETAIN_SELF = YES;
				CLANG_WARN_OBJC_LITERAL_CONVERSION = YES;
				CLANG_WARN_OBJC_ROOT_CLASS = YES_ERROR;
				CLANG_WARN_QUOTED_INCLUDE_IN_FRAMEWORK_HEADER = YES;
				CLANG_WARN_RANGE_LOOP_ANALYSIS = YES;
				CLANG_WARN_STRICT_PROTOTYPES = YES;
				CLANG_WARN_SUSPICIOUS_MOVE = YES;
				CLANG_WARN_UNGUARDED_AVAILABILITY = YES_AGGRESSIVE;
				CLANG_WARN_UNREACHABLE_CODE = YES;
				CLANG_WARN__DUPLICATE_METHOD_MATCH = YES;
				COPY_PHASE_STRIP = NO;
				DEBUG_INFORMATION_FORMAT = "dwarf-with-dsym";
				ENABLE_NS_ASSERTIONS = NO;
				ENABLE_STRICT_OBJC_MSGSEND = YES;
				GCC_C_LANGUAGE_STANDARD = gnu11;
				GCC_NO_COMMON_BLOCKS = YES;
				GCC_WARN_64_TO_32_BIT_CONVERSION = YES;
				GCC_WARN_ABOUT_RETURN_TYPE = YES_ERROR;
				GCC_WARN_UNDECLARED_SELECTOR = YES;
				GCC_WARN_UNINITIALIZED_AUTOS = YES_AGGRESSIVE;
				GCC_WARN_UNUSED_FUNCTION = YES;
				GCC_WARN_UNUSED_VARIABLE = YES;
				IPHONEOS_DEPLOYMENT_TARGET = 16.2;
				MTL_ENABLE_DEBUG_INFO = NO;
				MTL_FAST_MATH = YES;
				SDKROOT = iphoneos;
				SWIFT_COMPILATION_MODE = wholemodule;
				SWIFT_OPTIMIZATION_LEVEL = "-O";
				VALIDATE_PRODUCT = YES;
			};
			name = Release;
		};
		0D837CD82973EDD70043B8A5 /* Debug */ = {
			isa = XCBuildConfiguration;
			buildSettings = {
				ASSETCATALOG_COMPILER_APPICON_NAME = AppIcon;
				ASSETCATALOG_COMPILER_GLOBAL_ACCENT_COLOR_NAME = AccentColor;
				CODE_SIGN_STYLE = Automatic;
				CURRENT_PROJECT_VERSION = 1;
				GENERATE_INFOPLIST_FILE = YES;
				INFOPLIST_FILE = Daily_StarBucks/Info.plist;
				INFOPLIST_KEY_UIApplicationSupportsIndirectInputEvents = YES;
				INFOPLIST_KEY_UILaunchStoryboardName = LaunchScreen;
				INFOPLIST_KEY_UISupportedInterfaceOrientations_iPad = "UIInterfaceOrientationPortrait UIInterfaceOrientationPortraitUpsideDown UIInterfaceOrientationLandscapeLeft UIInterfaceOrientationLandscapeRight";
				INFOPLIST_KEY_UISupportedInterfaceOrientations_iPhone = "UIInterfaceOrientationPortrait UIInterfaceOrientationLandscapeLeft UIInterfaceOrientationLandscapeRight";
				LD_RUNPATH_SEARCH_PATHS = (
					"$(inherited)",
					"@executable_path/Frameworks",
				);
				MARKETING_VERSION = 1.0;
				PRODUCT_BUNDLE_IDENTIFIER = "no2.Daily-StarBucks";
				PRODUCT_NAME = "$(TARGET_NAME)";
				SWIFT_EMIT_LOC_STRINGS = YES;
				SWIFT_VERSION = 5.0;
				TARGETED_DEVICE_FAMILY = "1,2";
			};
			name = Debug;
		};
		0D837CD92973EDD70043B8A5 /* Release */ = {
			isa = XCBuildConfiguration;
			buildSettings = {
				ASSETCATALOG_COMPILER_APPICON_NAME = AppIcon;
				ASSETCATALOG_COMPILER_GLOBAL_ACCENT_COLOR_NAME = AccentColor;
				CODE_SIGN_STYLE = Automatic;
				CURRENT_PROJECT_VERSION = 1;
				GENERATE_INFOPLIST_FILE = YES;
				INFOPLIST_FILE = Daily_StarBucks/Info.plist;
				INFOPLIST_KEY_UIApplicationSupportsIndirectInputEvents = YES;
				INFOPLIST_KEY_UILaunchStoryboardName = LaunchScreen;
				INFOPLIST_KEY_UISupportedInterfaceOrientations_iPad = "UIInterfaceOrientationPortrait UIInterfaceOrientationPortraitUpsideDown UIInterfaceOrientationLandscapeLeft UIInterfaceOrientationLandscapeRight";
				INFOPLIST_KEY_UISupportedInterfaceOrientations_iPhone = "UIInterfaceOrientationPortrait UIInterfaceOrientationLandscapeLeft UIInterfaceOrientationLandscapeRight";
				LD_RUNPATH_SEARCH_PATHS = (
					"$(inherited)",
					"@executable_path/Frameworks",
				);
				MARKETING_VERSION = 1.0;
				PRODUCT_BUNDLE_IDENTIFIER = "no2.Daily-StarBucks";
				PRODUCT_NAME = "$(TARGET_NAME)";
				SWIFT_EMIT_LOC_STRINGS = YES;
				SWIFT_VERSION = 5.0;
				TARGETED_DEVICE_FAMILY = "1,2";
			};
			name = Release;
		};
		0D837CDB2973EDD70043B8A5 /* Debug */ = {
			isa = XCBuildConfiguration;
			buildSettings = {
				ALWAYS_EMBED_SWIFT_STANDARD_LIBRARIES = YES;
				BUNDLE_LOADER = "$(TEST_HOST)";
				CODE_SIGN_STYLE = Automatic;
				CURRENT_PROJECT_VERSION = 1;
				GENERATE_INFOPLIST_FILE = YES;
				IPHONEOS_DEPLOYMENT_TARGET = 16.2;
				MARKETING_VERSION = 1.0;
				PRODUCT_BUNDLE_IDENTIFIER = "no2.Daily-StarBucksTests";
				PRODUCT_NAME = "$(TARGET_NAME)";
				SWIFT_EMIT_LOC_STRINGS = NO;
				SWIFT_VERSION = 5.0;
				TARGETED_DEVICE_FAMILY = "1,2";
				TEST_HOST = "$(BUILT_PRODUCTS_DIR)/Daily_StarBucks.app/$(BUNDLE_EXECUTABLE_FOLDER_PATH)/Daily_StarBucks";
			};
			name = Debug;
		};
		0D837CDC2973EDD70043B8A5 /* Release */ = {
			isa = XCBuildConfiguration;
			buildSettings = {
				ALWAYS_EMBED_SWIFT_STANDARD_LIBRARIES = YES;
				BUNDLE_LOADER = "$(TEST_HOST)";
				CODE_SIGN_STYLE = Automatic;
				CURRENT_PROJECT_VERSION = 1;
				GENERATE_INFOPLIST_FILE = YES;
				IPHONEOS_DEPLOYMENT_TARGET = 16.2;
				MARKETING_VERSION = 1.0;
				PRODUCT_BUNDLE_IDENTIFIER = "no2.Daily-StarBucksTests";
				PRODUCT_NAME = "$(TARGET_NAME)";
				SWIFT_EMIT_LOC_STRINGS = NO;
				SWIFT_VERSION = 5.0;
				TARGETED_DEVICE_FAMILY = "1,2";
				TEST_HOST = "$(BUILT_PRODUCTS_DIR)/Daily_StarBucks.app/$(BUNDLE_EXECUTABLE_FOLDER_PATH)/Daily_StarBucks";
			};
			name = Release;
		};
		0D837CDE2973EDD70043B8A5 /* Debug */ = {
			isa = XCBuildConfiguration;
			buildSettings = {
				ALWAYS_EMBED_SWIFT_STANDARD_LIBRARIES = YES;
				CODE_SIGN_STYLE = Automatic;
				CURRENT_PROJECT_VERSION = 1;
				GENERATE_INFOPLIST_FILE = YES;
				MARKETING_VERSION = 1.0;
				PRODUCT_BUNDLE_IDENTIFIER = "no2.Daily-StarBucksUITests";
				PRODUCT_NAME = "$(TARGET_NAME)";
				SWIFT_EMIT_LOC_STRINGS = NO;
				SWIFT_VERSION = 5.0;
				TARGETED_DEVICE_FAMILY = "1,2";
				TEST_TARGET_NAME = Daily_StarBucks;
			};
			name = Debug;
		};
		0D837CDF2973EDD70043B8A5 /* Release */ = {
			isa = XCBuildConfiguration;
			buildSettings = {
				ALWAYS_EMBED_SWIFT_STANDARD_LIBRARIES = YES;
				CODE_SIGN_STYLE = Automatic;
				CURRENT_PROJECT_VERSION = 1;
				GENERATE_INFOPLIST_FILE = YES;
				MARKETING_VERSION = 1.0;
				PRODUCT_BUNDLE_IDENTIFIER = "no2.Daily-StarBucksUITests";
				PRODUCT_NAME = "$(TARGET_NAME)";
				SWIFT_EMIT_LOC_STRINGS = NO;
				SWIFT_VERSION = 5.0;
				TARGETED_DEVICE_FAMILY = "1,2";
				TEST_TARGET_NAME = Daily_StarBucks;
			};
			name = Release;
		};
/* End XCBuildConfiguration section */

/* Begin XCConfigurationList section */
		0D837CA82973EDD50043B8A5 /* Build configuration list for PBXProject "Daily_StarBucks" */ = {
			isa = XCConfigurationList;
			buildConfigurations = (
				0D837CD52973EDD70043B8A5 /* Debug */,
				0D837CD62973EDD70043B8A5 /* Release */,
			);
			defaultConfigurationIsVisible = 0;
			defaultConfigurationName = Release;
		};
		0D837CD72973EDD70043B8A5 /* Build configuration list for PBXNativeTarget "Daily_StarBucks" */ = {
			isa = XCConfigurationList;
			buildConfigurations = (
				0D837CD82973EDD70043B8A5 /* Debug */,
				0D837CD92973EDD70043B8A5 /* Release */,
			);
			defaultConfigurationIsVisible = 0;
			defaultConfigurationName = Release;
		};
		0D837CDA2973EDD70043B8A5 /* Build configuration list for PBXNativeTarget "Daily_StarBucksTests" */ = {
			isa = XCConfigurationList;
			buildConfigurations = (
				0D837CDB2973EDD70043B8A5 /* Debug */,
				0D837CDC2973EDD70043B8A5 /* Release */,
			);
			defaultConfigurationIsVisible = 0;
			defaultConfigurationName = Release;
		};
		0D837CDD2973EDD70043B8A5 /* Build configuration list for PBXNativeTarget "Daily_StarBucksUITests" */ = {
			isa = XCConfigurationList;
			buildConfigurations = (
				0D837CDE2973EDD70043B8A5 /* Debug */,
				0D837CDF2973EDD70043B8A5 /* Release */,
			);
			defaultConfigurationIsVisible = 0;
			defaultConfigurationName = Release;
		};
/* End XCConfigurationList section */
	};
	rootObject = 0D837CA52973EDD50043B8A5 /* Project object */;
}
